
Microsoft Visual Studio Solution File, Format Version 12.00
# Visual Studio Version 16
VisualStudioVersion = 16.0.31702.278
MinimumVisualStudioVersion = 10.0.40219.1
Project("{8BC9CEB8-8B4A-11D0-8D11-00A0C91BC942}") = "LabWork2SearchElement", "LabWork2SearchElement\LabWork2SearchElement.vcxproj", "{885B9E9D-56ED-4172-9DC1-31CDA5BA7B80}"
EndProject
Global
	GlobalSection(SolutionConfigurationPlatforms) = preSolution
		Debug|x64 = Debug|x64
		Debug|x86 = Debug|x86
		Release|x64 = Release|x64
		Release|x86 = Release|x86
	EndGlobalSection
	GlobalSection(ProjectConfigurationPlatforms) = postSolution
		{885B9E9D-56ED-4172-9DC1-31CDA5BA7B80}.Debug|x64.ActiveCfg = Debug|x64
		{885B9E9D-56ED-4172-9DC1-31CDA5BA7B80}.Debug|x64.Build.0 = Debug|x64
		{885B9E9D-56ED-4172-9DC1-31CDA5BA7B80}.Debug|x86.ActiveCfg = Debug|Win32
		{885B9E9D-56ED-4172-9DC1-31CDA5BA7B80}.Debug|x86.Build.0 = Debug|Win32
		{885B9E9D-56ED-4172-9DC1-31CDA5BA7B80}.Release|x64.ActiveCfg = Release|x64
		{885B9E9D-56ED-4172-9DC1-31CDA5BA7B80}.Release|x64.Build.0 = Release|x64
		{885B9E9D-56ED-4172-9DC1-31CDA5BA7B80}.Release|x86.ActiveCfg = Release|Win32
		{885B9E9D-56ED-4172-9DC1-31CDA5BA7B80}.Release|x86.Build.0 = Release|Win32
	EndGlobalSection
	GlobalSection(SolutionProperties) = preSolution
		HideSolutionNode = FALSE
	EndGlobalSection
	GlobalSection(ExtensibilityGlobals) = postSolution
		SolutionGuid = {5ABEBE38-ED98-42BD-ACDB-8B96E33AC7FD}
	EndGlobalSection
EndGlobal
